# This file is automatically @generated by Cargo.
# It is not intended for manual editing.
version = 3

[[package]]
name = "async-channel"
version = "1.6.1"
source = "registry+https://github.com/rust-lang/crates.io-index"
checksum = "2114d64672151c0c5eaa5e131ec84a74f06e1e559830dabba01ca30605d66319"
dependencies = [
 "concurrent-queue",
 "event-listener",
 "futures-core",
]

[[package]]
name = "autocfg"
version = "1.0.1"
source = "registry+https://github.com/rust-lang/crates.io-index"
checksum = "cdb031dd78e28731d87d56cc8ffef4a8f36ca26c38fe2de700543e627f8a464a"

[[package]]
name = "base64"
version = "0.13.0"
source = "registry+https://github.com/rust-lang/crates.io-index"
checksum = "904dfeac50f3cdaba28fc6f57fdcddb75f49ed61346676a78c4ffe55877802fd"

[[package]]
name = "bumpalo"
version = "3.7.1"
source = "registry+https://github.com/rust-lang/crates.io-index"
checksum = "d9df67f7bf9ef8498769f994239c45613ef0c5899415fb58e9add412d2c1a538"

[[package]]
name = "bytes"
version = "1.1.0"
source = "registry+https://github.com/rust-lang/crates.io-index"
checksum = "c4872d67bab6358e59559027aa3b9157c53d9358c51423c17554809a8858e0f8"

[[package]]
name = "cache-padded"
version = "1.1.1"
source = "registry+https://github.com/rust-lang/crates.io-index"
checksum = "631ae5198c9be5e753e5cc215e1bd73c2b466a3565173db433f52bb9d3e66dba"

[[package]]
name = "cc"
version = "1.0.71"
source = "registry+https://github.com/rust-lang/crates.io-index"
checksum = "79c2681d6594606957bbb8631c4b90a7fcaaa72cdb714743a437b156d6a7eedd"

[[package]]
name = "cfg-if"
version = "1.0.0"
source = "registry+https://github.com/rust-lang/crates.io-index"
checksum = "baf1de4339761588bc0619e3cbc0120ee582ebb74b53b4efbf79117bd2da40fd"

[[package]]
name = "co2monitor"
version = "0.2.0"
dependencies = [
 "hidapi",
 "rumqttc",
]

[[package]]
name = "concurrent-queue"
version = "1.2.2"
source = "registry+https://github.com/rust-lang/crates.io-index"
checksum = "30ed07550be01594c6026cff2a1d7fe9c8f683caa798e12b68694ac9e88286a3"
dependencies = [
 "cache-padded",
]

[[package]]
name = "event-listener"
version = "2.5.1"
source = "registry+https://github.com/rust-lang/crates.io-index"
checksum = "f7531096570974c3a9dcf9e4b8e1cede1ec26cf5046219fb3b9d897503b9be59"

[[package]]
name = "fnv"
version = "1.0.7"
source = "registry+https://github.com/rust-lang/crates.io-index"
checksum = "3f9eec918d3f24069decb9af1554cad7c880e2da24a9afd88aca000531ab82c1"

[[package]]
name = "futures-core"
version = "0.3.17"
source = "registry+https://github.com/rust-lang/crates.io-index"
checksum = "88d1c26957f23603395cd326b0ffe64124b818f4449552f960d815cfba83a53d"

[[package]]
name = "gcc"
version = "0.3.54"
source = "registry+https://github.com/rust-lang/crates.io-index"
checksum = "5e33ec290da0d127825013597dbdfc28bee4964690c7ce1166cbc2a7bd08b1bb"

[[package]]
name = "hidapi"
version = "0.4.1"
source = "registry+https://github.com/rust-lang/crates.io-index"
checksum = "00b8be82ce81d664989095a98e2c6ef834e9055431983f6bb76fa9a2a9224de6"
dependencies = [
 "gcc",
 "libc",
 "pkg-config",
]

[[package]]
name = "http"
version = "0.2.5"
source = "registry+https://github.com/rust-lang/crates.io-index"
checksum = "1323096b05d41827dadeaee54c9981958c0f94e670bc94ed80037d1a7b8b186b"
dependencies = [
 "bytes",
 "fnv",
 "itoa",
]

[[package]]
name = "itoa"
version = "0.4.8"
source = "registry+https://github.com/rust-lang/crates.io-index"
checksum = "b71991ff56294aa922b450139ee08b3bfc70982c6b2c7562771375cf73542dd4"

[[package]]
name = "js-sys"
version = "0.3.55"
source = "registry+https://github.com/rust-lang/crates.io-index"
checksum = "7cc9ffccd38c451a86bf13657df244e9c3f37493cce8e5e21e940963777acc84"
dependencies = [
 "wasm-bindgen",
]

[[package]]
name = "lazy_static"
version = "1.4.0"
source = "registry+https://github.com/rust-lang/crates.io-index"
checksum = "e2abad23fbc42b3700f2f279844dc832adb2b2eb069b2df918f455c4e18cc646"

[[package]]
name = "libc"
version = "0.2.103"
source = "registry+https://github.com/rust-lang/crates.io-index"
checksum = "dd8f7255a17a627354f321ef0055d63b898c6fb27eff628af4d1b66b7331edf6"

[[package]]
name = "log"
version = "0.4.14"
source = "registry+https://github.com/rust-lang/crates.io-index"
checksum = "51b9bbe6c47d51fc3e1a9b945965946b4c44142ab8792c50835a980d362c2710"
dependencies = [
 "cfg-if",
]

[[package]]
name = "memchr"
version = "2.4.1"
source = "registry+https://github.com/rust-lang/crates.io-index"
checksum = "308cc39be01b73d0d18f82a0e7b2a3df85245f84af96fdddc5d202d27e47b86a"

[[package]]
name = "mio"
version = "0.7.13"
source = "registry+https://github.com/rust-lang/crates.io-index"
checksum = "8c2bdb6314ec10835cd3293dd268473a835c02b7b352e788be788b3c6ca6bb16"
dependencies = [
 "libc",
 "log",
 "miow",
 "ntapi",
 "winapi",
]

[[package]]
name = "miow"
version = "0.3.7"
source = "registry+https://github.com/rust-lang/crates.io-index"
checksum = "b9f1c5b025cda876f66ef43a113f91ebc9f4ccef34843000e0adf6ebbab84e21"
dependencies = [
 "winapi",
]

[[package]]
name = "mqttbytes"
version = "0.5.0"
source = "registry+https://github.com/rust-lang/crates.io-index"
checksum = "12793a86f38eb258c5dbddf801dfd521c1d7a9def6e3a3de1ee248441c9dcc28"
dependencies = [
 "bytes",
]

[[package]]
name = "ntapi"
version = "0.3.6"
source = "registry+https://github.com/rust-lang/crates.io-index"
checksum = "3f6bb902e437b6d86e03cce10a7e2af662292c5dfef23b65899ea3ac9354ad44"
dependencies = [
 "winapi",
]

[[package]]
name = "once_cell"
version = "1.8.0"
source = "registry+https://github.com/rust-lang/crates.io-index"
checksum = "692fcb63b64b1758029e0a96ee63e049ce8c5948587f2f7208df04625e5f6b56"

[[package]]
name = "pin-project-lite"
version = "0.2.7"
source = "registry+https://github.com/rust-lang/crates.io-index"
checksum = "8d31d11c69a6b52a174b42bdc0c30e5e11670f90788b2c471c31c1d17d449443"

[[package]]
name = "pkg-config"
version = "0.3.9"
source = "registry+https://github.com/rust-lang/crates.io-index"
checksum = "3a8b4c6b8165cd1a1cd4b9b120978131389f64bdaf456435caa41e630edba903"

[[package]]
name = "pollster"
version = "0.2.4"
source = "registry+https://github.com/rust-lang/crates.io-index"
checksum = "bb20dcc30536a1508e75d47dd0e399bb2fe7354dcf35cda9127f2bf1ed92e30e"

[[package]]
name = "proc-macro2"
version = "1.0.29"
source = "registry+https://github.com/rust-lang/crates.io-index"
checksum = "b9f5105d4fdaab20335ca9565e106a5d9b82b6219b5ba735731124ac6711d23d"
dependencies = [
 "unicode-xid",
]

[[package]]
name = "quote"
version = "1.0.10"
source = "registry+https://github.com/rust-lang/crates.io-index"
checksum = "38bc8cc6a5f2e3655e0899c1b848643b2562f853f114bfec7be120678e3ace05"
dependencies = [
 "proc-macro2",
]

[[package]]
name = "ring"
version = "0.16.20"
source = "registry+https://github.com/rust-lang/crates.io-index"
checksum = "3053cf52e236a3ed746dfc745aa9cacf1b791d846bdaf412f60a8d7d6e17c8fc"
dependencies = [
 "cc",
 "libc",
 "once_cell",
 "spin",
 "untrusted",
 "web-sys",
 "winapi",
]

[[package]]
name = "rumqttc"
version = "0.9.0"
source = "registry+https://github.com/rust-lang/crates.io-index"
checksum = "613456fdab2f811204edb36f25e397cc62956c85326c274d153bc0b17c44a777"
dependencies = [
 "async-channel",
 "bytes",
 "http",
 "log",
 "mqttbytes",
 "pollster",
 "thiserror",
 "tokio",
 "tokio-rustls",
 "webpki",
]

[[package]]
name = "rustls"
version = "0.19.1"
source = "registry+https://github.com/rust-lang/crates.io-index"
checksum = "35edb675feee39aec9c99fa5ff985081995a06d594114ae14cbe797ad7b7a6d7"
dependencies = [
 "base64",
 "log",
 "ring",
 "sct",
 "webpki",
]

[[package]]
name = "sct"
version = "0.6.1"
source = "registry+https://github.com/rust-lang/crates.io-index"
checksum = "b362b83898e0e69f38515b82ee15aa80636befe47c3b6d3d89a911e78fc228ce"
dependencies = [
 "ring",
 "untrusted",
]

[[package]]
name = "spin"
version = "0.5.2"
source = "registry+https://github.com/rust-lang/crates.io-index"
checksum = "6e63cff320ae2c57904679ba7cb63280a3dc4613885beafb148ee7bf9aa9042d"

[[package]]
name = "syn"
version = "1.0.80"
source = "registry+https://github.com/rust-lang/crates.io-index"
checksum = "d010a1623fbd906d51d650a9916aaefc05ffa0e4053ff7fe601167f3e715d194"
dependencies = [
 "proc-macro2",
 "quote",
 "unicode-xid",
]

[[package]]
name = "thiserror"
version = "1.0.30"
source = "registry+https://github.com/rust-lang/crates.io-index"
checksum = "854babe52e4df1653706b98fcfc05843010039b406875930a70e4d9644e5c417"
dependencies = [
 "thiserror-impl",
]

[[package]]
name = "thiserror-impl"
version = "1.0.30"
source = "registry+https://github.com/rust-lang/crates.io-index"
checksum = "aa32fd3f627f367fe16f893e2597ae3c05020f8bba2666a4e6ea73d377e5714b"
dependencies = [
 "proc-macro2",
 "quote",
 "syn",
]

[[package]]
name = "tokio"
version = "1.12.0"
source = "registry+https://github.com/rust-lang/crates.io-index"
checksum = "c2c2416fdedca8443ae44b4527de1ea633af61d8f7169ffa6e72c5b53d24efcc"
dependencies = [
 "autocfg",
 "bytes",
 "libc",
 "memchr",
 "mio",
 "pin-project-lite",
 "tokio-macros",
 "winapi",
]

[[package]]
name = "tokio-macros"
version = "1.4.1"
source = "registry+https://github.com/rust-lang/crates.io-index"
checksum = "154794c8f499c2619acd19e839294703e9e32e7630ef5f46ea80d4ef0fbee5eb"
dependencies = [
 "proc-macro2",
 "quote",
 "syn",
]

[[package]]
name = "tokio-rustls"
version = "0.22.0"
source = "registry+https://github.com/rust-lang/crates.io-index"
checksum = "bc6844de72e57df1980054b38be3a9f4702aba4858be64dd700181a8a6d0e1b6"
dependencies = [
 "rustls",
 "tokio",
 "webpki",
]

[[package]]
name = "unicode-xid"
version = "0.2.2"
source = "registry+https://github.com/rust-lang/crates.io-index"
checksum = "8ccb82d61f80a663efe1f787a51b16b5a51e3314d6ac365b08639f52387b33f3"

[[package]]
name = "untrusted"
version = "0.7.1"
source = "registry+https://github.com/rust-lang/crates.io-index"
checksum = "a156c684c91ea7d62626509bce3cb4e1d9ed5c4d978f7b4352658f96a4c26b4a"

[[package]]
name = "wasm-bindgen"
version = "0.2.78"
source = "registry+https://github.com/rust-lang/crates.io-index"
checksum = "632f73e236b219150ea279196e54e610f5dbafa5d61786303d4da54f84e47fce"
dependencies = [
 "cfg-if",
 "wasm-bindgen-macro",
]

[[package]]
name = "wasm-bindgen-backend"
version = "0.2.78"
source = "registry+https://github.com/rust-lang/crates.io-index"
checksum = "a317bf8f9fba2476b4b2c85ef4c4af8ff39c3c7f0cdfeed4f82c34a880aa837b"
dependencies = [
 "bumpalo",
 "lazy_static",
 "log",
 "proc-macro2",
 "quote",
 "syn",
 "wasm-bindgen-shared",
]

[[package]]
name = "wasm-bindgen-macro"
version = "0.2.78"
source = "registry+https://github.com/rust-lang/crates.io-index"
checksum = "d56146e7c495528bf6587663bea13a8eb588d39b36b679d83972e1a2dbbdacf9"
dependencies = [
 "quote",
 "wasm-bindgen-macro-support",
]

[[package]]
name = "wasm-bindgen-macro-support"
version = "0.2.78"
source = "registry+https://github.com/rust-lang/crates.io-index"
checksum = "7803e0eea25835f8abdc585cd3021b3deb11543c6fe226dcd30b228857c5c5ab"
dependencies = [
 "proc-macro2",
 "quote",
 "syn",
 "wasm-bindgen-backend",
 "wasm-bindgen-shared",
]

[[package]]
name = "wasm-bindgen-shared"
version = "0.2.78"
source = "registry+https://github.com/rust-lang/crates.io-index"
checksum = "0237232789cf037d5480773fe568aac745bfe2afbc11a863e97901780a6b47cc"

[[package]]
name = "web-sys"
version = "0.3.55"
source = "registry+https://github.com/rust-lang/crates.io-index"
checksum = "38eb105f1c59d9eaa6b5cdc92b859d85b926e82cb2e0945cd0c9259faa6fe9fb"
dependencies = [
 "js-sys",
 "wasm-bindgen",
]

[[package]]
name = "webpki"
version = "0.21.4"
source = "registry+https://github.com/rust-lang/crates.io-index"
checksum = "b8e38c0608262c46d4a56202ebabdeb094cef7e560ca7a226c6bf055188aa4ea"
dependencies = [
 "ring",
 "untrusted",
]

[[package]]
name = "winapi"
version = "0.3.9"
source = "registry+https://github.com/rust-lang/crates.io-index"
checksum = "5c839a674fcd7a98952e593242ea400abe93992746761e38641405d28b00f419"
dependencies = [
 "winapi-i686-pc-windows-gnu",
 "winapi-x86_64-pc-windows-gnu",
]

[[package]]
name = "winapi-i686-pc-windows-gnu"
version = "0.4.0"
source = "registry+https://github.com/rust-lang/crates.io-index"
checksum = "ac3b87c63620426dd9b991e5ce0329eff545bccbbb34f3be09ff6fb6ab51b7b6"

[[package]]
name = "winapi-x86_64-pc-windows-gnu"
version = "0.4.0"
source = "registry+https://github.com/rust-lang/crates.io-index"
checksum = "712e227841d057c1ee1cd2fb22fa7e5a5461ae8e48fa2ca79ec42cfc1931183f"
